<?xml version="1.0" encoding="utf-8"?>
<Project ToolsVersion="4.0" xmlns="http://schemas.microsoft.com/developer/msbuild/2003">
  <ItemGroup>
    <Filter Include="map">
      <UniqueIdentifier>{838F880B-EF98-887C-7814-9F7CE41C947C}</UniqueIdentifier>
    </Filter>
    <Filter Include="states">
      <UniqueIdentifier>{398B8A1C-252D-B5F2-0EE8-C846FA283C43}</UniqueIdentifier>
    </Filter>
    <Filter Include="ui">
      <UniqueIdentifier>{C3795900-AF05-880B-18B4-880B045F880B}</UniqueIdentifier>
    </Filter>
  </ItemGroup>
  <ItemGroup>
    <ClInclude Include="src\Application.h" />
    <ClInclude Include="src\Window.h" />
    <ClInclude Include="src\map\MapConstants.h">
      <Filter>map</Filter>
    </ClInclude>
    <ClInclude Include="src\map\Tilemap.h">
      <Filter>map</Filter>
    </ClInclude>
    <ClInclude Include="src\states\GameState.h">
      <Filter>states</Filter>
    </ClInclude>
    <ClInclude Include="src\states\StateManager.h">
      <Filter>states</Filter>
    </ClInclude>
    <ClInclude Include="src\ui\Button.h">
      <Filter>ui</Filter>
    </ClInclude>
    <ClInclude Include="src\ui\Text.h">
      <Filter>ui</Filter>
    </ClInclude>
    <ClInclude Include="src\ui\UIManager.h" />
    <ClInclude Include="src\audio\SoundManager.h" />
    <ClInclude Include="src\audio\Music.h" />
    <ClInclude Include="src\audio\SoundEffect.h" />
    <ClInclude Include="src\input\KeyManager.h" />
    <ClInclude Include="src\input\Keys.h" />
  </ItemGroup>
  <ItemGroup>
    <ClCompile Include="src\Application.cpp" />
    <ClCompile Include="src\Window.cpp" />
    <ClCompile Include="src\main.cpp" />
    <ClCompile Include="src\map\Tilemap.cpp">
      <Filter>map</Filter>
    </ClCompile>
    <ClCompile Include="src\states\GameState.cpp">
      <Filter>states</Filter>
    </ClCompile>
    <ClCompile Include="src\states\StateManager.cpp">
      <Filter>states</Filter>
    </ClCompile>
    <ClCompile Include="src\ui\Button.cpp">
      <Filter>ui</Filter>
    </ClCompile>
    <ClCompile Include="src\ui\Text.cpp">
      <Filter>ui</Filter>
    </ClCompile>
    <ClCompile Include="src\ui\UIManager.cpp" />
    <ClCompile Include="src\audio\SoundManager.cpp" />
    <ClCompile Include="src\audio\Music.cpp" />
    <ClCompile Include="src\audio\SoundEffect.cpp" />
    <ClCompile Include="src\input\KeyManager.cpp" />
  </ItemGroup>
  <ItemGroup>
    <Media Include="res\audio\pickupCoin.wav" />
    <Media Include="res\audio\laserShoot.wav" />
    <Media Include="res\audio\BossMain.wav" />
  </ItemGroup>
</Project>